
Microsoft Visual Studio Solution File, Format Version 12.00
# Visual Studio Version 17
VisualStudioVersion = 17.5.002.0
MinimumVisualStudioVersion = 10.0.40219.1
Project("{9A19103F-16F7-4668-BE54-9A1E7A4F7556}") = "ConsoleApp1", "ConsoleApp1.csproj", "{27EE1011-FB7C-45D1-A8CF-510E984CC293}"
EndProject
Global
	GlobalSection(SolutionConfigurationPlatforms) = preSolution
		Debug|Any CPU = Debug|Any CPU
		Release|Any CPU = Release|Any CPU
	EndGlobalSection
	GlobalSection(ProjectConfigurationPlatforms) = postSolution
		{27EE1011-FB7C-45D1-A8CF-510E984CC293}.Debug|Any CPU.ActiveCfg = Debug|Any CPU
		{27EE1011-FB7C-45D1-A8CF-510E984CC293}.Debug|Any CPU.Build.0 = Debug|Any CPU
		{27EE1011-FB7C-45D1-A8CF-510E984CC293}.Release|Any CPU.ActiveCfg = Release|Any CPU
		{27EE1011-FB7C-45D1-A8CF-510E984CC293}.Release|Any CPU.Build.0 = Release|Any CPU
	EndGlobalSection
	GlobalSection(SolutionProperties) = preSolution
		HideSolutionNode = FALSE
	EndGlobalSection
	GlobalSection(ExtensibilityGlobals) = postSolution
		SolutionGuid = {2D8A3ABE-798B-409B-B43F-DEFE75BA8B98}
	EndGlobalSection
EndGlobal
